
Microsoft Visual Studio Solution File, Format Version 11.00
# Visual Studio 2010
Project("{8BC9CEB8-8B4A-11D0-8D11-00A0C91BC942}") = "排除文件名", "排除文件名\排除文件名.vcxproj", "{083E3BE8-B6AC-467C-A18A-FB4C33BCA297}"
EndProject
Global
	GlobalSection(SolutionConfigurationPlatforms) = preSolution
		Debug|Win32 = Debug|Win32
		Release|Win32 = Release|Win32
	EndGlobalSection
	GlobalSection(ProjectConfigurationPlatforms) = postSolution
		{083E3BE8-B6AC-467C-A18A-FB4C33BCA297}.Debug|Win32.ActiveCfg = Debug|Win32
		{083E3BE8-B6AC-467C-A18A-FB4C33BCA297}.Debug|Win32.Build.0 = Debug|Win32
		{083E3BE8-B6AC-467C-A18A-FB4C33BCA297}.Release|Win32.ActiveCfg = Release|Win32
		{083E3BE8-B6AC-467C-A18A-FB4C33BCA297}.Release|Win32.Build.0 = Release|Win32
	EndGlobalSection
	GlobalSection(SolutionProperties) = preSolution
		HideSolutionNode = FALSE
	EndGlobalSection
EndGlobal
